
Microsoft Visual Studio Solution File, Format Version 12.00
# Visual Studio Version 16
VisualStudioVersion = 16.0.31729.503
MinimumVisualStudioVersion = 10.0.40219.1
Project("{FAE04EC0-301F-11D3-BF4B-00C04F79EFBC}") = "Problema 14", "Problema 14\Problema 14.csproj", "{C272AEF5-0CE0-439E-9F85-EC8CD587F022}"
EndProject
Global
	GlobalSection(SolutionConfigurationPlatforms) = preSolution
		Debug|Any CPU = Debug|Any CPU
		Release|Any CPU = Release|Any CPU
	EndGlobalSection
	GlobalSection(ProjectConfigurationPlatforms) = postSolution
		{C272AEF5-0CE0-439E-9F85-EC8CD587F022}.Debug|Any CPU.ActiveCfg = Debug|Any CPU
		{C272AEF5-0CE0-439E-9F85-EC8CD587F022}.Debug|Any CPU.Build.0 = Debug|Any CPU
		{C272AEF5-0CE0-439E-9F85-EC8CD587F022}.Release|Any CPU.ActiveCfg = Release|Any CPU
		{C272AEF5-0CE0-439E-9F85-EC8CD587F022}.Release|Any CPU.Build.0 = Release|Any CPU
	EndGlobalSection
	GlobalSection(SolutionProperties) = preSolution
		HideSolutionNode = FALSE
	EndGlobalSection
	GlobalSection(ExtensibilityGlobals) = postSolution
		SolutionGuid = {643E6F9B-627E-45CE-96A9-A904BB6EC40B}
	EndGlobalSection
EndGlobal
