
Microsoft Visual Studio Solution File, Format Version 12.00
# Visual Studio Version 16
VisualStudioVersion = 16.0.31729.503
MinimumVisualStudioVersion = 10.0.40219.1
Project("{FAE04EC0-301F-11D3-BF4B-00C04F79EFBC}") = "Problema 20", "Problema 20\Problema 20.csproj", "{DA20326F-9C36-478B-BFAB-E9115F1D066C}"
EndProject
Global
	GlobalSection(SolutionConfigurationPlatforms) = preSolution
		Debug|Any CPU = Debug|Any CPU
		Release|Any CPU = Release|Any CPU
	EndGlobalSection
	GlobalSection(ProjectConfigurationPlatforms) = postSolution
		{DA20326F-9C36-478B-BFAB-E9115F1D066C}.Debug|Any CPU.ActiveCfg = Debug|Any CPU
		{DA20326F-9C36-478B-BFAB-E9115F1D066C}.Debug|Any CPU.Build.0 = Debug|Any CPU
		{DA20326F-9C36-478B-BFAB-E9115F1D066C}.Release|Any CPU.ActiveCfg = Release|Any CPU
		{DA20326F-9C36-478B-BFAB-E9115F1D066C}.Release|Any CPU.Build.0 = Release|Any CPU
	EndGlobalSection
	GlobalSection(SolutionProperties) = preSolution
		HideSolutionNode = FALSE
	EndGlobalSection
	GlobalSection(ExtensibilityGlobals) = postSolution
		SolutionGuid = {46E2C231-5F99-4502-95B4-515B0EAE1591}
	EndGlobalSection
EndGlobal
